// !$*UTF8*$!
{
	archiveVersion = 1;
	classes = {
	};
	objectVersion = 50;
	objects = {

/* Begin PBXBuildFile section */
		1B630FA726AC829500CFAD43 /* AppDelegate.swift in Sources */ = {isa = PBXBuildFile; fileRef = 1B630FA626AC829500CFAD43 /* AppDelegate.swift */; };
		1B630FA926AC829500CFAD43 /* SceneDelegate.swift in Sources */ = {isa = PBXBuildFile; fileRef = 1B630FA826AC829500CFAD43 /* SceneDelegate.swift */; };
		1B630FAB26AC829500CFAD43 /* RepositoryListViewController.swift in Sources */ = {isa = PBXBuildFile; fileRef = 1B630FAA26AC829500CFAD43 /* RepositoryListViewController.swift */; };
		1B630FAE26AC829500CFAD43 /* Main.storyboard in Resources */ = {isa = PBXBuildFile; fileRef = 1B630FAC26AC829500CFAD43 /* Main.storyboard */; };
		1B630FB026AC829900CFAD43 /* Assets.xcassets in Resources */ = {isa = PBXBuildFile; fileRef = 1B630FAF26AC829900CFAD43 /* Assets.xcassets */; };
		1B630FB326AC829900CFAD43 /* LaunchScreen.storyboard in Resources */ = {isa = PBXBuildFile; fileRef = 1B630FB126AC829900CFAD43 /* LaunchScreen.storyboard */; };
		1B630FBC26AC843D00CFAD43 /* RepositoryTableViewCell.swift in Sources */ = {isa = PBXBuildFile; fileRef = 1B630FBA26AC843D00CFAD43 /* RepositoryTableViewCell.swift */; };
		1B630FBD26AC843D00CFAD43 /* RepositoryTableViewCell.xib in Resources */ = {isa = PBXBuildFile; fileRef = 1B630FBB26AC843D00CFAD43 /* RepositoryTableViewCell.xib */; };
		1B630FC226AC90EB00CFAD43 /* Repository.swift in Sources */ = {isa = PBXBuildFile; fileRef = 1B630FC126AC90EB00CFAD43 /* Repository.swift */; };
		1B630FEB26ACA1AC00CFAD43 /* RepositoryListViewModel.swift in Sources */ = {isa = PBXBuildFile; fileRef = 1B630FEA26ACA1AC00CFAD43 /* RepositoryListViewModel.swift */; };
		1B630FEE26ACA22F00CFAD43 /* RepositoryDetailViewController.swift in Sources */ = {isa = PBXBuildFile; fileRef = 1B630FEC26ACA22F00CFAD43 /* RepositoryDetailViewController.swift */; };
		1B630FEF26ACA22F00CFAD43 /* RepositoryDetailViewController.xib in Resources */ = {isa = PBXBuildFile; fileRef = 1B630FED26ACA22F00CFAD43 /* RepositoryDetailViewController.xib */; };
		1B630FF126ACA25400CFAD43 /* RepositoryDetailViewModel.swift in Sources */ = {isa = PBXBuildFile; fileRef = 1B630FF026ACA25400CFAD43 /* RepositoryDetailViewModel.swift */; };
		7E8A5DCE51D3B21906815B33 /* Pods_TrendyGit.framework in Frameworks */ = {isa = PBXBuildFile; fileRef = BB1C4A80EC1E498932A7A90A /* Pods_TrendyGit.framework */; };
/* End PBXBuildFile section */

/* Begin PBXFileReference section */
		1B630FA326AC829500CFAD43 /* TrendyGit.app */ = {isa = PBXFileReference; explicitFileType = wrapper.application; includeInIndex = 0; path = TrendyGit.app; sourceTree = BUILT_PRODUCTS_DIR; };
		1B630FA626AC829500CFAD43 /* AppDelegate.swift */ = {isa = PBXFileReference; lastKnownFileType = sourcecode.swift; path = AppDelegate.swift; sourceTree = "<group>"; };
		1B630FA826AC829500CFAD43 /* SceneDelegate.swift */ = {isa = PBXFileReference; lastKnownFileType = sourcecode.swift; path = SceneDelegate.swift; sourceTree = "<group>"; };
		1B630FAA26AC829500CFAD43 /* RepositoryListViewController.swift */ = {isa = PBXFileReference; lastKnownFileType = sourcecode.swift; path = RepositoryListViewController.swift; sourceTree = "<group>"; };
		1B630FAD26AC829500CFAD43 /* Base */ = {isa = PBXFileReference; lastKnownFileType = file.storyboard; name = Base; path = Base.lproj/Main.storyboard; sourceTree = "<group>"; };
		1B630FAF26AC829900CFAD43 /* Assets.xcassets */ = {isa = PBXFileReference; lastKnownFileType = folder.assetcatalog; path = Assets.xcassets; sourceTree = "<group>"; };
		1B630FB226AC829900CFAD43 /* Base */ = {isa = PBXFileReference; lastKnownFileType = file.storyboard; name = Base; path = Base.lproj/LaunchScreen.storyboard; sourceTree = "<group>"; };
		1B630FB426AC829900CFAD43 /* Info.plist */ = {isa = PBXFileReference; lastKnownFileType = text.plist.xml; path = Info.plist; sourceTree = "<group>"; };
		1B630FBA26AC843D00CFAD43 /* RepositoryTableViewCell.swift */ = {isa = PBXFileReference; lastKnownFileType = sourcecode.swift; path = RepositoryTableViewCell.swift; sourceTree = "<group>"; };
		1B630FBB26AC843D00CFAD43 /* RepositoryTableViewCell.xib */ = {isa = PBXFileReference; lastKnownFileType = file.xib; path = RepositoryTableViewCell.xib; sourceTree = "<group>"; };
		1B630FC126AC90EB00CFAD43 /* Repository.swift */ = {isa = PBXFileReference; lastKnownFileType = sourcecode.swift; path = Repository.swift; sourceTree = "<group>"; };
		1B630FEA26ACA1AC00CFAD43 /* RepositoryListViewModel.swift */ = {isa = PBXFileReference; fileEncoding = 4; lastKnownFileType = sourcecode.swift; path = RepositoryListViewModel.swift; sourceTree = "<group>"; };
		1B630FEC26ACA22F00CFAD43 /* RepositoryDetailViewController.swift */ = {isa = PBXFileReference; lastKnownFileType = sourcecode.swift; path = RepositoryDetailViewController.swift; sourceTree = "<group>"; };
		1B630FED26ACA22F00CFAD43 /* RepositoryDetailViewController.xib */ = {isa = PBXFileReference; lastKnownFileType = file.xib; path = RepositoryDetailViewController.xib; sourceTree = "<group>"; };
		1B630FF026ACA25400CFAD43 /* RepositoryDetailViewModel.swift */ = {isa = PBXFileReference; lastKnownFileType = sourcecode.swift; path = RepositoryDetailViewModel.swift; sourceTree = "<group>"; };
		1F9C2F6FC5F660940C63823E /* Pods-TrendyGit.release.xcconfig */ = {isa = PBXFileReference; includeInIndex = 1; lastKnownFileType = text.xcconfig; name = "Pods-TrendyGit.release.xcconfig"; path = "Target Support Files/Pods-TrendyGit/Pods-TrendyGit.release.xcconfig"; sourceTree = "<group>"; };
		7D8152ACA423A7CE84245412 /* Pods-TrendyGit.debug.xcconfig */ = {isa = PBXFileReference; includeInIndex = 1; lastKnownFileType = text.xcconfig; name = "Pods-TrendyGit.debug.xcconfig"; path = "Target Support Files/Pods-TrendyGit/Pods-TrendyGit.debug.xcconfig"; sourceTree = "<group>"; };
		BB1C4A80EC1E498932A7A90A /* Pods_TrendyGit.framework */ = {isa = PBXFileReference; explicitFileType = wrapper.framework; includeInIndex = 0; path = Pods_TrendyGit.framework; sourceTree = BUILT_PRODUCTS_DIR; };
/* End PBXFileReference section */

/* Begin PBXFrameworksBuildPhase section */
		1B630FA026AC829500CFAD43 /* Frameworks */ = {
			isa = PBXFrameworksBuildPhase;
			buildActionMask = 2147483647;
			files = (
				7E8A5DCE51D3B21906815B33 /* Pods_TrendyGit.framework in Frameworks */,
			);
			runOnlyForDeploymentPostprocessing = 0;
		};
/* End PBXFrameworksBuildPhase section */

/* Begin PBXGroup section */
		1B630F9A26AC829500CFAD43 = {
			isa = PBXGroup;
			children = (
				1B630FA526AC829500CFAD43 /* TrendyGit */,
				1B630FA426AC829500CFAD43 /* Products */,
				35DF8FDC469FAF27D2393E55 /* Pods */,
				4013E86BE77B5A62B479C10F /* Frameworks */,
			);
			sourceTree = "<group>";
		};
		1B630FA426AC829500CFAD43 /* Products */ = {
			isa = PBXGroup;
			children = (
				1B630FA326AC829500CFAD43 /* TrendyGit.app */,
			);
			name = Products;
			sourceTree = "<group>";
		};
		1B630FA526AC829500CFAD43 /* TrendyGit */ = {
			isa = PBXGroup;
			children = (
				1B630FA626AC829500CFAD43 /* AppDelegate.swift */,
				1B630FA826AC829500CFAD43 /* SceneDelegate.swift */,
				1B630FF326ACA29700CFAD43 /* Models */,
				1B630FF226ACA26B00CFAD43 /* Repository List */,
				1B630FBE26AC844900CFAD43 /* RepositoryCell */,
				1B630FE926ACA07A00CFAD43 /* Detail View */,
				1B630FAC26AC829500CFAD43 /* Main.storyboard */,
				1B630FAF26AC829900CFAD43 /* Assets.xcassets */,
				1B630FB126AC829900CFAD43 /* LaunchScreen.storyboard */,
				1B630FB426AC829900CFAD43 /* Info.plist */,
			);
			path = TrendyGit;
			sourceTree = "<group>";
		};
		1B630FBE26AC844900CFAD43 /* RepositoryCell */ = {
			isa = PBXGroup;
			children = (
				1B630FBA26AC843D00CFAD43 /* RepositoryTableViewCell.swift */,
				1B630FBB26AC843D00CFAD43 /* RepositoryTableViewCell.xib */,
			);
			path = RepositoryCell;
			sourceTree = "<group>";
		};
		1B630FE926ACA07A00CFAD43 /* Detail View */ = {
			isa = PBXGroup;
			children = (
				1B630FEC26ACA22F00CFAD43 /* RepositoryDetailViewController.swift */,
				1B630FED26ACA22F00CFAD43 /* RepositoryDetailViewController.xib */,
				1B630FF026ACA25400CFAD43 /* RepositoryDetailViewModel.swift */,
			);
			path = "Detail View";
			sourceTree = "<group>";
		};
		1B630FF226ACA26B00CFAD43 /* Repository List */ = {
			isa = PBXGroup;
			children = (
				1B630FAA26AC829500CFAD43 /* RepositoryListViewController.swift */,
				1B630FEA26ACA1AC00CFAD43 /* RepositoryListViewModel.swift */,
			);
			path = "Repository List";
			sourceTree = "<group>";
		};
		1B630FF326ACA29700CFAD43 /* Models */ = {
			isa = PBXGroup;
			children = (
				1B630FC126AC90EB00CFAD43 /* Repository.swift */,
			);
			path = Models;
			sourceTree = "<group>";
		};
		35DF8FDC469FAF27D2393E55 /* Pods */ = {
			isa = PBXGroup;
			children = (
				7D8152ACA423A7CE84245412 /* Pods-TrendyGit.debug.xcconfig */,
				1F9C2F6FC5F660940C63823E /* Pods-TrendyGit.release.xcconfig */,
			);
			name = Pods;
			path = Pods;
			sourceTree = "<group>";
		};
		4013E86BE77B5A62B479C10F /* Frameworks */ = {
			isa = PBXGroup;
			children = (
				BB1C4A80EC1E498932A7A90A /* Pods_TrendyGit.framework */,
			);
			name = Frameworks;
			sourceTree = "<group>";
		};
/* End PBXGroup section */

/* Begin PBXNativeTarget section */
		1B630FA226AC829500CFAD43 /* TrendyGit */ = {
			isa = PBXNativeTarget;
			buildConfigurationList = 1B630FB726AC829900CFAD43 /* Build configuration list for PBXNativeTarget "TrendyGit" */;
			buildPhases = (
				0A6569B4CD499A31E6D396B6 /* [CP] Check Pods Manifest.lock */,
				1B630F9F26AC829500CFAD43 /* Sources */,
				1B630FA026AC829500CFAD43 /* Frameworks */,
				1B630FA126AC829500CFAD43 /* Resources */,
				C2AF9312178F2E13DA27B65E /* [CP] Embed Pods Frameworks */,
			);
			buildRules = (
			);
			dependencies = (
			);
			name = TrendyGit;
			productName = TrendyGit;
			productReference = 1B630FA326AC829500CFAD43 /* TrendyGit.app */;
			productType = "com.apple.product-type.application";
		};
/* End PBXNativeTarget section */

/* Begin PBXProject section */
		1B630F9B26AC829500CFAD43 /* Project object */ = {
			isa = PBXProject;
			attributes = {
				LastSwiftUpdateCheck = 1130;
				LastUpgradeCheck = 1130;
				ORGANIZATIONNAME = "Ruwan Thalgahage";
				TargetAttributes = {
					1B630FA226AC829500CFAD43 = {
						CreatedOnToolsVersion = 11.3.1;
					};
				};
			};
			buildConfigurationList = 1B630F9E26AC829500CFAD43 /* Build configuration list for PBXProject "TrendyGit" */;
			compatibilityVersion = "Xcode 9.3";
			developmentRegion = en;
			hasScannedForEncodings = 0;
			knownRegions = (
				en,
				Base,
			);
			mainGroup = 1B630F9A26AC829500CFAD43;
			productRefGroup = 1B630FA426AC829500CFAD43 /* Products */;
			projectDirPath = "";
			projectRoot = "";
			targets = (
				1B630FA226AC829500CFAD43 /* TrendyGit */,
			);
		};
/* End PBXProject section */

/* Begin PBXResourcesBuildPhase section */
		1B630FA126AC829500CFAD43 /* Resources */ = {
			isa = PBXResourcesBuildPhase;
			buildActionMask = 2147483647;
			files = (
				1B630FEF26ACA22F00CFAD43 /* RepositoryDetailViewController.xib in Resources */,
				1B630FB326AC829900CFAD43 /* LaunchScreen.storyboard in Resources */,
				1B630FB026AC829900CFAD43 /* Assets.xcassets in Resources */,
				1B630FAE26AC829500CFAD43 /* Main.storyboard in Resources */,
				1B630FBD26AC843D00CFAD43 /* RepositoryTableViewCell.xib in Resources */,
			);
			runOnlyForDeploymentPostprocessing = 0;
		};
/* End PBXResourcesBuildPhase section */

/* Begin PBXShellScriptBuildPhase section */
		0A6569B4CD499A31E6D396B6 /* [CP] Check Pods Manifest.lock */ = {
			isa = PBXShellScriptBuildPhase;
			buildActionMask = 2147483647;
			files = (
			);
			inputFileListPaths = (
			);
			inputPaths = (
				"${PODS_PODFILE_DIR_PATH}/Podfile.lock",
				"${PODS_ROOT}/Manifest.lock",
			);
			name = "[CP] Check Pods Manifest.lock";
			outputFileListPaths = (
			);
			outputPaths = (
				"$(DERIVED_FILE_DIR)/Pods-TrendyGit-checkManifestLockResult.txt",
			);
			runOnlyForDeploymentPostprocessing = 0;
			shellPath = /bin/sh;
			shellScript = "diff \"${PODS_PODFILE_DIR_PATH}/Podfile.lock\" \"${PODS_ROOT}/Manifest.lock\" > /dev/null\nif [ $? != 0 ] ; then\n    # print error to STDERR\n    echo \"error: The sandbox is not in sync with the Podfile.lock. Run 'pod install' or update your CocoaPods installation.\" >&2\n    exit 1\nfi\n# This output is used by Xcode 'outputs' to avoid re-running this script phase.\necho \"SUCCESS\" > \"${SCRIPT_OUTPUT_FILE_0}\"\n";
			showEnvVarsInLog = 0;
		};
		C2AF9312178F2E13DA27B65E /* [CP] Embed Pods Frameworks */ = {
			isa = PBXShellScriptBuildPhase;
			buildActionMask = 2147483647;
			files = (
			);
			inputFileListPaths = (
				"${PODS_ROOT}/Target Support Files/Pods-TrendyGit/Pods-TrendyGit-frameworks-${CONFIGURATION}-input-files.xcfilelist",
			);
			name = "[CP] Embed Pods Frameworks";
			outputFileListPaths = (
				"${PODS_ROOT}/Target Support Files/Pods-TrendyGit/Pods-TrendyGit-frameworks-${CONFIGURATION}-output-files.xcfilelist",
			);
			runOnlyForDeploymentPostprocessing = 0;
			shellPath = /bin/sh;
			shellScript = "\"${PODS_ROOT}/Target Support Files/Pods-TrendyGit/Pods-TrendyGit-frameworks.sh\"\n";
			showEnvVarsInLog = 0;
		};
/* End PBXShellScriptBuildPhase section */

/* Begin PBXSourcesBuildPhase section */
		1B630F9F26AC829500CFAD43 /* Sources */ = {
			isa = PBXSourcesBuildPhase;
			buildActionMask = 2147483647;
			files = (
				1B630FAB26AC829500CFAD43 /* RepositoryListViewController.swift in Sources */,
				1B630FF126ACA25400CFAD43 /* RepositoryDetailViewModel.swift in Sources */,
				1B630FA726AC829500CFAD43 /* AppDelegate.swift in Sources */,
				1B630FEB26ACA1AC00CFAD43 /* RepositoryListViewModel.swift in Sources */,
				1B630FA926AC829500CFAD43 /* SceneDelegate.swift in Sources */,
				1B630FBC26AC843D00CFAD43 /* RepositoryTableViewCell.swift in Sources */,
				1B630FEE26ACA22F00CFAD43 /* RepositoryDetailViewController.swift in Sources */,
				1B630FC226AC90EB00CFAD43 /* Repository.swift in Sources */,
			);
			runOnlyForDeploymentPostprocessing = 0;
		};
/* End PBXSourcesBuildPhase section */

/* Begin PBXVariantGroup section */
		1B630FAC26AC829500CFAD43 /* Main.storyboard */ = {
			isa = PBXVariantGroup;
			children = (
				1B630FAD26AC829500CFAD43 /* Base */,
			);
			name = Main.storyboard;
			sourceTree = "<group>";
		};
		1B630FB126AC829900CFAD43 /* LaunchScreen.storyboard */ = {
			isa = PBXVariantGroup;
			children = (
				1B630FB226AC829900CFAD43 /* Base */,
			);
			name = LaunchScreen.storyboard;
			sourceTree = "<group>";
		};
/* End PBXVariantGroup section */

/* Begin XCBuildConfiguration section */
		1B630FB526AC829900CFAD43 /* Debug */ = {
			isa = XCBuildConfiguration;
			buildSettings = {
				ALWAYS_SEARCH_USER_PATHS = NO;
				CLANG_ANALYZER_NONNULL = YES;
				CLANG_ANALYZER_NUMBER_OBJECT_CONVERSION = YES_AGGRESSIVE;
				CLANG_CXX_LANGUAGE_STANDARD = "gnu++14";
				CLANG_CXX_LIBRARY = "libc++";
				CLANG_ENABLE_MODULES = YES;
				CLANG_ENABLE_OBJC_ARC = YES;
				CLANG_ENABLE_OBJC_WEAK = YES;
				CLANG_WARN_BLOCK_CAPTURE_AUTORELEASING = YES;
				CLANG_WARN_BOOL_CONVERSION = YES;
				CLANG_WARN_COMMA = YES;
				CLANG_WARN_CONSTANT_CONVERSION = YES;
				CLANG_WARN_DEPRECATED_OBJC_IMPLEMENTATIONS = YES;
				CLANG_WARN_DIRECT_OBJC_ISA_USAGE = YES_ERROR;
				CLANG_WARN_DOCUMENTATION_COMMENTS = YES;
				CLANG_WARN_EMPTY_BODY = YES;
				CLANG_WARN_ENUM_CONVERSION = YES;
				CLANG_WARN_INFINITE_RECURSION = YES;
				CLANG_WARN_INT_CONVERSION = YES;
				CLANG_WARN_NON_LITERAL_NULL_CONVERSION = YES;
				CLANG_WARN_OBJC_IMPLICIT_RETAIN_SELF = YES;
				CLANG_WARN_OBJC_LITERAL_CONVERSION = YES;
				CLANG_WARN_OBJC_ROOT_CLASS = YES_ERROR;
				CLANG_WARN_RANGE_LOOP_ANALYSIS = YES;
				CLANG_WARN_STRICT_PROTOTYPES = YES;
				CLANG_WARN_SUSPICIOUS_MOVE = YES;
				CLANG_WARN_UNGUARDED_AVAILABILITY = YES_AGGRESSIVE;
				CLANG_WARN_UNREACHABLE_CODE = YES;
				CLANG_WARN__DUPLICATE_METHOD_MATCH = YES;
				COPY_PHASE_STRIP = NO;
				DEBUG_INFORMATION_FORMAT = dwarf;
				ENABLE_STRICT_OBJC_MSGSEND = YES;
				ENABLE_TESTABILITY = YES;
				GCC_C_LANGUAGE_STANDARD = gnu11;
				GCC_DYNAMIC_NO_PIC = NO;
				GCC_NO_COMMON_BLOCKS = YES;
				GCC_OPTIMIZATION_LEVEL = 0;
				GCC_PREPROCESSOR_DEFINITIONS = (
					"DEBUG=1",
					"$(inherited)",
				);
				GCC_WARN_64_TO_32_BIT_CONVERSION = YES;
				GCC_WARN_ABOUT_RETURN_TYPE = YES_ERROR;
				GCC_WARN_UNDECLARED_SELECTOR = YES;
				GCC_WARN_UNINITIALIZED_AUTOS = YES_AGGRESSIVE;
				GCC_WARN_UNUSED_FUNCTION = YES;
				GCC_WARN_UNUSED_VARIABLE = YES;
				IPHONEOS_DEPLOYMENT_TARGET = 13.2;
				MTL_ENABLE_DEBUG_INFO = INCLUDE_SOURCE;
				MTL_FAST_MATH = YES;
				ONLY_ACTIVE_ARCH = YES;
				SDKROOT = iphoneos;
				SWIFT_ACTIVE_COMPILATION_CONDITIONS = DEBUG;
				SWIFT_OPTIMIZATION_LEVEL = "-Onone";
			};
			name = Debug;
		};
		1B630FB626AC829900CFAD43 /* Release */ = {
			isa = XCBuildConfiguration;
			buildSettings = {
				ALWAYS_SEARCH_USER_PATHS = NO;
				CLANG_ANALYZER_NONNULL = YES;
				CLANG_ANALYZER_NUMBER_OBJECT_CONVERSION = YES_AGGRESSIVE;
				CLANG_CXX_LANGUAGE_STANDARD = "gnu++14";
				CLANG_CXX_LIBRARY = "libc++";
				CLANG_ENABLE_MODULES = YES;
				CLANG_ENABLE_OBJC_ARC = YES;
				CLANG_ENABLE_OBJC_WEAK = YES;
				CLANG_WARN_BLOCK_CAPTURE_AUTORELEASING = YES;
				CLANG_WARN_BOOL_CONVERSION = YES;
				CLANG_WARN_COMMA = YES;
				CLANG_WARN_CONSTANT_CONVERSION = YES;
				CLANG_WARN_DEPRECATED_OBJC_IMPLEMENTATIONS = YES;
				CLANG_WARN_DIRECT_OBJC_ISA_USAGE = YES_ERROR;
				CLANG_WARN_DOCUMENTATION_COMMENTS = YES;
				CLANG_WARN_EMPTY_BODY = YES;
				CLANG_WARN_ENUM_CONVERSION = YES;
				CLANG_WARN_INFINITE_RECURSION = YES;
				CLANG_WARN_INT_CONVERSION = YES;
				CLANG_WARN_NON_LITERAL_NULL_CONVERSION = YES;
				CLANG_WARN_OBJC_IMPLICIT_RETAIN_SELF = YES;
				CLANG_WARN_OBJC_LITERAL_CONVERSION = YES;
				CLANG_WARN_OBJC_ROOT_CLASS = YES_ERROR;
				CLANG_WARN_RANGE_LOOP_ANALYSIS = YES;
				CLANG_WARN_STRICT_PROTOTYPES = YES;
				CLANG_WARN_SUSPICIOUS_MOVE = YES;
				CLANG_WARN_UNGUARDED_AVAILABILITY = YES_AGGRESSIVE;
				CLANG_WARN_UNREACHABLE_CODE = YES;
				CLANG_WARN__DUPLICATE_METHOD_MATCH = YES;
				COPY_PHASE_STRIP = NO;
				DEBUG_INFORMATION_FORMAT = "dwarf-with-dsym";
				ENABLE_NS_ASSERTIONS = NO;
				ENABLE_STRICT_OBJC_MSGSEND = YES;
				GCC_C_LANGUAGE_STANDARD = gnu11;
				GCC_NO_COMMON_BLOCKS = YES;
				GCC_WARN_64_TO_32_BIT_CONVERSION = YES;
				GCC_WARN_ABOUT_RETURN_TYPE = YES_ERROR;
				GCC_WARN_UNDECLARED_SELECTOR = YES;
				GCC_WARN_UNINITIALIZED_AUTOS = YES_AGGRESSIVE;
				GCC_WARN_UNUSED_FUNCTION = YES;
				GCC_WARN_UNUSED_VARIABLE = YES;
				IPHONEOS_DEPLOYMENT_TARGET = 13.2;
				MTL_ENABLE_DEBUG_INFO = NO;
				MTL_FAST_MATH = YES;
				SDKROOT = iphoneos;
				SWIFT_COMPILATION_MODE = wholemodule;
				SWIFT_OPTIMIZATION_LEVEL = "-O";
				VALIDATE_PRODUCT = YES;
			};
			name = Release;
		};
		1B630FB826AC829900CFAD43 /* Debug */ = {
			isa = XCBuildConfiguration;
			baseConfigurationReference = 7D8152ACA423A7CE84245412 /* Pods-TrendyGit.debug.xcconfig */;
			buildSettings = {
				ASSETCATALOG_COMPILER_APPICON_NAME = AppIcon;
				CODE_SIGN_STYLE = Automatic;
				DEVELOPMENT_TEAM = DG3X369V5Q;
				INFOPLIST_FILE = TrendyGit/Info.plist;
				LD_RUNPATH_SEARCH_PATHS = (
					"$(inherited)",
					"@executable_path/Frameworks",
				);
				PRODUCT_BUNDLE_IDENTIFIER = com.ruwantg.TrendyGit;
				PRODUCT_NAME = "$(TARGET_NAME)";
				SWIFT_VERSION = 5.0;
				TARGETED_DEVICE_FAMILY = "1,2";
			};
			name = Debug;
		};
		1B630FB926AC829900CFAD43 /* Release */ = {
			isa = XCBuildConfiguration;
			baseConfigurationReference = 1F9C2F6FC5F660940C63823E /* Pods-TrendyGit.release.xcconfig */;
			buildSettings = {
				ASSETCATALOG_COMPILER_APPICON_NAME = AppIcon;
				CODE_SIGN_STYLE = Automatic;
				DEVELOPMENT_TEAM = DG3X369V5Q;
				INFOPLIST_FILE = TrendyGit/Info.plist;
				LD_RUNPATH_SEARCH_PATHS = (
					"$(inherited)",
					"@executable_path/Frameworks",
				);
				PRODUCT_BUNDLE_IDENTIFIER = com.ruwantg.TrendyGit;
				PRODUCT_NAME = "$(TARGET_NAME)";
				SWIFT_VERSION = 5.0;
				TARGETED_DEVICE_FAMILY = "1,2";
			};
			name = Release;
		};
/* End XCBuildConfiguration section */

/* Begin XCConfigurationList section */
		1B630F9E26AC829500CFAD43 /* Build configuration list for PBXProject "TrendyGit" */ = {
			isa = XCConfigurationList;
			buildConfigurations = (
				1B630FB526AC829900CFAD43 /* Debug */,
				1B630FB626AC829900CFAD43 /* Release */,
			);
			defaultConfigurationIsVisible = 0;
			defaultConfigurationName = Release;
		};
		1B630FB726AC829900CFAD43 /* Build configuration list for PBXNativeTarget "TrendyGit" */ = {
			isa = XCConfigurationList;
			buildConfigurations = (
				1B630FB826AC829900CFAD43 /* Debug */,
				1B630FB926AC829900CFAD43 /* Release */,
			);
			defaultConfigurationIsVisible = 0;
			defaultConfigurationName = Release;
		};
/* End XCConfigurationList section */
	};
	rootObject = 1B630F9B26AC829500CFAD43 /* Project object */;
}
